
Microsoft Visual Studio Solution File, Format Version 12.00
# Visual Studio Version 17
VisualStudioVersion = 17.7.34031.279
MinimumVisualStudioVersion = 10.0.40219.1
Project("{FAE04EC0-301F-11D3-BF4B-00C04F79EFBC}") = "RoomVitalAPI", "RoomVitalAPI\RoomVitalAPI.csproj", "{DDCDA894-E382-49F3-9D88-D929A91711D4}"
EndProject
Global
	GlobalSection(SolutionConfigurationPlatforms) = preSolution
		Debug|Any CPU = Debug|Any CPU
		Release|Any CPU = Release|Any CPU
	EndGlobalSection
	GlobalSection(ProjectConfigurationPlatforms) = postSolution
		{DDCDA894-E382-49F3-9D88-D929A91711D4}.Debug|Any CPU.ActiveCfg = Debug|Any CPU
		{DDCDA894-E382-49F3-9D88-D929A91711D4}.Debug|Any CPU.Build.0 = Debug|Any CPU
		{DDCDA894-E382-49F3-9D88-D929A91711D4}.Release|Any CPU.ActiveCfg = Release|Any CPU
		{DDCDA894-E382-49F3-9D88-D929A91711D4}.Release|Any CPU.Build.0 = Release|Any CPU
	EndGlobalSection
	GlobalSection(SolutionProperties) = preSolution
		HideSolutionNode = FALSE
	EndGlobalSection
	GlobalSection(ExtensibilityGlobals) = postSolution
		SolutionGuid = {D38B8E52-7AFE-4B4C-A68A-F8F4466A080B}
	EndGlobalSection
EndGlobal
